
Microsoft Visual Studio Solution File, Format Version 12.00
# Visual Studio 15
Project("{FAE04EC0-301F-11D3-BF4B-00C04F79EFBC}") = "MoreMountains.Tools", "MoreMountains.Tools.csproj", "{112B17D1-B31D-8864-6A26-98CC2A99A362}"
EndProject
Project("{FAE04EC0-301F-11D3-BF4B-00C04F79EFBC}") = "Assembly-CSharp", "Assembly-CSharp.csproj", "{5CB0F941-2961-815A-BD77-24CE57D09DF5}"
EndProject
Project("{FAE04EC0-301F-11D3-BF4B-00C04F79EFBC}") = "HTraceSSGI", "HTraceSSGI.csproj", "{0256C6C7-3AB5-6B03-3C10-C60D12E000C1}"
EndProject
Project("{FAE04EC0-301F-11D3-BF4B-00C04F79EFBC}") = "DistantLands.Cozy.Editor", "DistantLands.Cozy.Editor.csproj", "{866EA9FA-AE97-C227-C5C3-6A9183FEA04E}"
EndProject
Project("{FAE04EC0-301F-11D3-BF4B-00C04F79EFBC}") = "Assembly-CSharp-Editor", "Assembly-CSharp-Editor.csproj", "{24DF115A-37E9-2761-C648-0DE363EEE92D}"
EndProject
Project("{FAE04EC0-301F-11D3-BF4B-00C04F79EFBC}") = "DistantLands.Cozy.Runtime", "DistantLands.Cozy.Runtime.csproj", "{9CC8DAD5-D837-1FA9-97E1-4CDEE84BD6C4}"
EndProject
Project("{FAE04EC0-301F-11D3-BF4B-00C04F79EFBC}") = "MoreMountains.Tools.Editor", "MoreMountains.Tools.Editor.csproj", "{FA692F47-714D-E435-D19E-8F4E7C036EA7}"
EndProject
Project("{FAE04EC0-301F-11D3-BF4B-00C04F79EFBC}") = "Lofelt.NiceVibrations", "Lofelt.NiceVibrations.csproj", "{A2C054B8-DDE7-BEFE-A545-2EF80C6A4300}"
EndProject
Project("{FAE04EC0-301F-11D3-BF4B-00C04F79EFBC}") = "DistantLands.Cozy.Horizon.Runtime", "DistantLands.Cozy.Horizon.Runtime.csproj", "{F079F578-8011-68E9-BCAA-26D7EE1D6018}"
EndProject
Project("{FAE04EC0-301F-11D3-BF4B-00C04F79EFBC}") = "Jorjouto.AnimComposerSystem.Editor", "Jorjouto.AnimComposerSystem.Editor.csproj", "{2335249B-4912-0170-0D33-503812A12DEA}"
EndProject
Project("{FAE04EC0-301F-11D3-BF4B-00C04F79EFBC}") = "Jorjouto.AnimComposerSystem.Sample", "Jorjouto.AnimComposerSystem.Sample.csproj", "{04BAAF63-462D-DA4A-D322-696CD2F1BB78}"
EndProject
Project("{FAE04EC0-301F-11D3-BF4B-00C04F79EFBC}") = "DistantLands.Cozy.ReSound.Runtime", "DistantLands.Cozy.ReSound.Runtime.csproj", "{ADFFDAA5-72F2-01BE-607D-41E26D717D1F}"
EndProject
Project("{FAE04EC0-301F-11D3-BF4B-00C04F79EFBC}") = "DistantLands.Cozy.Link.Editor", "DistantLands.Cozy.Link.Editor.csproj", "{9F5CB26E-556E-8569-5C57-FD6FBF21B9C6}"
EndProject
Project("{FAE04EC0-301F-11D3-BF4B-00C04F79EFBC}") = "DistantLands.Cozy.Habits.Editor", "DistantLands.Cozy.Habits.Editor.csproj", "{CEB1662B-FB78-B573-92CE-7DE7C23F4F22}"
EndProject
Project("{FAE04EC0-301F-11D3-BF4B-00C04F79EFBC}") = "DOTween.Modules", "DOTween.Modules.csproj", "{768A729F-D9A7-FD54-3422-587A0F8E48BC}"
EndProject
Project("{FAE04EC0-301F-11D3-BF4B-00C04F79EFBC}") = "Jorjouto.AnimComposerSystem", "Jorjouto.AnimComposerSystem.csproj", "{7BBB74B7-E763-30B2-7E7B-010084102159}"
EndProject
Project("{FAE04EC0-301F-11D3-BF4B-00C04F79EFBC}") = "DistantLands.Cozy.Habits.Runtime", "DistantLands.Cozy.Habits.Runtime.csproj", "{5983CB51-34B9-D52C-3F25-5FF286E469F2}"
EndProject
Project("{FAE04EC0-301F-11D3-BF4B-00C04F79EFBC}") = "Lofelt.NiceVibrations.Demo", "Lofelt.NiceVibrations.Demo.csproj", "{0EFB85B5-5347-C97B-1A92-A60082203629}"
EndProject
Project("{FAE04EC0-301F-11D3-BF4B-00C04F79EFBC}") = "Lofelt.NiceVibrations.Editor", "Lofelt.NiceVibrations.Editor.csproj", "{318FD060-A099-D3AA-2F59-CFA3B7D783D3}"
EndProject
Project("{FAE04EC0-301F-11D3-BF4B-00C04F79EFBC}") = "DistantLands.Cozy.Link.Runtime", "DistantLands.Cozy.Link.Runtime.csproj", "{8C90197A-A44B-246A-1F2F-E8EF860D85FE}"
EndProject
Project("{FAE04EC0-301F-11D3-BF4B-00C04F79EFBC}") = "DistantLands.Cozy.Blocks.Runtime", "DistantLands.Cozy.Blocks.Runtime.csproj", "{AA872949-7354-C3FC-C446-6F7ACB306BB1}"
EndProject
Project("{FAE04EC0-301F-11D3-BF4B-00C04F79EFBC}") = "DOTweenPro.EditorScripts", "DOTweenPro.EditorScripts.csproj", "{A20188B8-63FC-5B86-72C1-BFF923BCAF08}"
EndProject
Project("{FAE04EC0-301F-11D3-BF4B-00C04F79EFBC}") = "DistantLands.Cozy.ReSound.Editor", "DistantLands.Cozy.ReSound.Editor.csproj", "{660DEF32-8AE1-E9D8-19BE-F1AA5E8864DB}"
EndProject
Project("{FAE04EC0-301F-11D3-BF4B-00C04F79EFBC}") = "DistantLands.Cozy.Eclipse.Runtime", "DistantLands.Cozy.Eclipse.Runtime.csproj", "{5ADAEB3A-1E05-E9FB-3764-A80F45414B63}"
EndProject
Project("{FAE04EC0-301F-11D3-BF4B-00C04F79EFBC}") = "DOTweenPro.Scripts", "DOTweenPro.Scripts.csproj", "{90AD5143-F33C-DD9D-8B04-ECA1E310A891}"
EndProject
Project("{FAE04EC0-301F-11D3-BF4B-00C04F79EFBC}") = "DistantLands.Cozy.Eclipse.Editor", "DistantLands.Cozy.Eclipse.Editor.csproj", "{49CC6367-563D-05C4-A891-70CA94BF0635}"
EndProject
Project("{FAE04EC0-301F-11D3-BF4B-00C04F79EFBC}") = "DistantLands.Cozy.Plume.Runtime", "DistantLands.Cozy.Plume.Runtime.csproj", "{9E20DD0E-F1C3-65E5-B150-B712A3208638}"
EndProject
Project("{FAE04EC0-301F-11D3-BF4B-00C04F79EFBC}") = "DistantLands.Cozy.Plume.Editor", "DistantLands.Cozy.Plume.Editor.csproj", "{91B37E25-F075-5252-A8CD-4E3D5FB96847}"
EndProject
Project("{FAE04EC0-301F-11D3-BF4B-00C04F79EFBC}") = "DistantLands.Cozy.Horizon.Editor", "DistantLands.Cozy.Horizon.Editor.csproj", "{7B5FD118-A911-9D8A-25EA-3033254CF777}"
EndProject
Project("{FAE04EC0-301F-11D3-BF4B-00C04F79EFBC}") = "DistantLands.Cozy.Blocks.Editor", "DistantLands.Cozy.Blocks.Editor.csproj", "{2A23F18F-C675-2C95-2977-1EBB83CFD72D}"
EndProject
Global
	GlobalSection(SolutionConfigurationPlatforms) = preSolution
		Debug|Any CPU = Debug|Any CPU
		Release|Any CPU = Release|Any CPU
	EndGlobalSection
	GlobalSection(ProjectConfigurationPlatforms) = postSolution
		{112B17D1-B31D-8864-6A26-98CC2A99A362}.Debug|Any CPU.ActiveCfg = Debug|Any CPU
		{112B17D1-B31D-8864-6A26-98CC2A99A362}.Debug|Any CPU.Build.0 = Debug|Any CPU
		{112B17D1-B31D-8864-6A26-98CC2A99A362}.Release|Any CPU.ActiveCfg = Release|Any CPU
		{112B17D1-B31D-8864-6A26-98CC2A99A362}.Release|Any CPU.Build.0 = Release|Any CPU
		{5CB0F941-2961-815A-BD77-24CE57D09DF5}.Debug|Any CPU.ActiveCfg = Debug|Any CPU
		{5CB0F941-2961-815A-BD77-24CE57D09DF5}.Debug|Any CPU.Build.0 = Debug|Any CPU
		{5CB0F941-2961-815A-BD77-24CE57D09DF5}.Release|Any CPU.ActiveCfg = Release|Any CPU
		{5CB0F941-2961-815A-BD77-24CE57D09DF5}.Release|Any CPU.Build.0 = Release|Any CPU
		{0256C6C7-3AB5-6B03-3C10-C60D12E000C1}.Debug|Any CPU.ActiveCfg = Debug|Any CPU
		{0256C6C7-3AB5-6B03-3C10-C60D12E000C1}.Debug|Any CPU.Build.0 = Debug|Any CPU
		{0256C6C7-3AB5-6B03-3C10-C60D12E000C1}.Release|Any CPU.ActiveCfg = Release|Any CPU
		{0256C6C7-3AB5-6B03-3C10-C60D12E000C1}.Release|Any CPU.Build.0 = Release|Any CPU
		{866EA9FA-AE97-C227-C5C3-6A9183FEA04E}.Debug|Any CPU.ActiveCfg = Debug|Any CPU
		{866EA9FA-AE97-C227-C5C3-6A9183FEA04E}.Debug|Any CPU.Build.0 = Debug|Any CPU
		{866EA9FA-AE97-C227-C5C3-6A9183FEA04E}.Release|Any CPU.ActiveCfg = Release|Any CPU
		{866EA9FA-AE97-C227-C5C3-6A9183FEA04E}.Release|Any CPU.Build.0 = Release|Any CPU
		{24DF115A-37E9-2761-C648-0DE363EEE92D}.Debug|Any CPU.ActiveCfg = Debug|Any CPU
		{24DF115A-37E9-2761-C648-0DE363EEE92D}.Debug|Any CPU.Build.0 = Debug|Any CPU
		{24DF115A-37E9-2761-C648-0DE363EEE92D}.Release|Any CPU.ActiveCfg = Release|Any CPU
		{24DF115A-37E9-2761-C648-0DE363EEE92D}.Release|Any CPU.Build.0 = Release|Any CPU
		{9CC8DAD5-D837-1FA9-97E1-4CDEE84BD6C4}.Debug|Any CPU.ActiveCfg = Debug|Any CPU
		{9CC8DAD5-D837-1FA9-97E1-4CDEE84BD6C4}.Debug|Any CPU.Build.0 = Debug|Any CPU
		{9CC8DAD5-D837-1FA9-97E1-4CDEE84BD6C4}.Release|Any CPU.ActiveCfg = Release|Any CPU
		{9CC8DAD5-D837-1FA9-97E1-4CDEE84BD6C4}.Release|Any CPU.Build.0 = Release|Any CPU
		{FA692F47-714D-E435-D19E-8F4E7C036EA7}.Debug|Any CPU.ActiveCfg = Debug|Any CPU
		{FA692F47-714D-E435-D19E-8F4E7C036EA7}.Debug|Any CPU.Build.0 = Debug|Any CPU
		{FA692F47-714D-E435-D19E-8F4E7C036EA7}.Release|Any CPU.ActiveCfg = Release|Any CPU
		{FA692F47-714D-E435-D19E-8F4E7C036EA7}.Release|Any CPU.Build.0 = Release|Any CPU
		{A2C054B8-DDE7-BEFE-A545-2EF80C6A4300}.Debug|Any CPU.ActiveCfg = Debug|Any CPU
		{A2C054B8-DDE7-BEFE-A545-2EF80C6A4300}.Debug|Any CPU.Build.0 = Debug|Any CPU
		{A2C054B8-DDE7-BEFE-A545-2EF80C6A4300}.Release|Any CPU.ActiveCfg = Release|Any CPU
		{A2C054B8-DDE7-BEFE-A545-2EF80C6A4300}.Release|Any CPU.Build.0 = Release|Any CPU
		{F079F578-8011-68E9-BCAA-26D7EE1D6018}.Debug|Any CPU.ActiveCfg = Debug|Any CPU
		{F079F578-8011-68E9-BCAA-26D7EE1D6018}.Debug|Any CPU.Build.0 = Debug|Any CPU
		{F079F578-8011-68E9-BCAA-26D7EE1D6018}.Release|Any CPU.ActiveCfg = Release|Any CPU
		{F079F578-8011-68E9-BCAA-26D7EE1D6018}.Release|Any CPU.Build.0 = Release|Any CPU
		{2335249B-4912-0170-0D33-503812A12DEA}.Debug|Any CPU.ActiveCfg = Debug|Any CPU
		{2335249B-4912-0170-0D33-503812A12DEA}.Debug|Any CPU.Build.0 = Debug|Any CPU
		{2335249B-4912-0170-0D33-503812A12DEA}.Release|Any CPU.ActiveCfg = Release|Any CPU
		{2335249B-4912-0170-0D33-503812A12DEA}.Release|Any CPU.Build.0 = Release|Any CPU
		{04BAAF63-462D-DA4A-D322-696CD2F1BB78}.Debug|Any CPU.ActiveCfg = Debug|Any CPU
		{04BAAF63-462D-DA4A-D322-696CD2F1BB78}.Debug|Any CPU.Build.0 = Debug|Any CPU
		{04BAAF63-462D-DA4A-D322-696CD2F1BB78}.Release|Any CPU.ActiveCfg = Release|Any CPU
		{04BAAF63-462D-DA4A-D322-696CD2F1BB78}.Release|Any CPU.Build.0 = Release|Any CPU
		{ADFFDAA5-72F2-01BE-607D-41E26D717D1F}.Debug|Any CPU.ActiveCfg = Debug|Any CPU
		{ADFFDAA5-72F2-01BE-607D-41E26D717D1F}.Debug|Any CPU.Build.0 = Debug|Any CPU
		{ADFFDAA5-72F2-01BE-607D-41E26D717D1F}.Release|Any CPU.ActiveCfg = Release|Any CPU
		{ADFFDAA5-72F2-01BE-607D-41E26D717D1F}.Release|Any CPU.Build.0 = Release|Any CPU
		{9F5CB26E-556E-8569-5C57-FD6FBF21B9C6}.Debug|Any CPU.ActiveCfg = Debug|Any CPU
		{9F5CB26E-556E-8569-5C57-FD6FBF21B9C6}.Debug|Any CPU.Build.0 = Debug|Any CPU
		{9F5CB26E-556E-8569-5C57-FD6FBF21B9C6}.Release|Any CPU.ActiveCfg = Release|Any CPU
		{9F5CB26E-556E-8569-5C57-FD6FBF21B9C6}.Release|Any CPU.Build.0 = Release|Any CPU
		{CEB1662B-FB78-B573-92CE-7DE7C23F4F22}.Debug|Any CPU.ActiveCfg = Debug|Any CPU
		{CEB1662B-FB78-B573-92CE-7DE7C23F4F22}.Debug|Any CPU.Build.0 = Debug|Any CPU
		{CEB1662B-FB78-B573-92CE-7DE7C23F4F22}.Release|Any CPU.ActiveCfg = Release|Any CPU
		{CEB1662B-FB78-B573-92CE-7DE7C23F4F22}.Release|Any CPU.Build.0 = Release|Any CPU
		{768A729F-D9A7-FD54-3422-587A0F8E48BC}.Debug|Any CPU.ActiveCfg = Debug|Any CPU
		{768A729F-D9A7-FD54-3422-587A0F8E48BC}.Debug|Any CPU.Build.0 = Debug|Any CPU
		{768A729F-D9A7-FD54-3422-587A0F8E48BC}.Release|Any CPU.ActiveCfg = Release|Any CPU
		{768A729F-D9A7-FD54-3422-587A0F8E48BC}.Release|Any CPU.Build.0 = Release|Any CPU
		{7BBB74B7-E763-30B2-7E7B-010084102159}.Debug|Any CPU.ActiveCfg = Debug|Any CPU
		{7BBB74B7-E763-30B2-7E7B-010084102159}.Debug|Any CPU.Build.0 = Debug|Any CPU
		{7BBB74B7-E763-30B2-7E7B-010084102159}.Release|Any CPU.ActiveCfg = Release|Any CPU
		{7BBB74B7-E763-30B2-7E7B-010084102159}.Release|Any CPU.Build.0 = Release|Any CPU
		{5983CB51-34B9-D52C-3F25-5FF286E469F2}.Debug|Any CPU.ActiveCfg = Debug|Any CPU
		{5983CB51-34B9-D52C-3F25-5FF286E469F2}.Debug|Any CPU.Build.0 = Debug|Any CPU
		{5983CB51-34B9-D52C-3F25-5FF286E469F2}.Release|Any CPU.ActiveCfg = Release|Any CPU
		{5983CB51-34B9-D52C-3F25-5FF286E469F2}.Release|Any CPU.Build.0 = Release|Any CPU
		{0EFB85B5-5347-C97B-1A92-A60082203629}.Debug|Any CPU.ActiveCfg = Debug|Any CPU
		{0EFB85B5-5347-C97B-1A92-A60082203629}.Debug|Any CPU.Build.0 = Debug|Any CPU
		{0EFB85B5-5347-C97B-1A92-A60082203629}.Release|Any CPU.ActiveCfg = Release|Any CPU
		{0EFB85B5-5347-C97B-1A92-A60082203629}.Release|Any CPU.Build.0 = Release|Any CPU
		{318FD060-A099-D3AA-2F59-CFA3B7D783D3}.Debug|Any CPU.ActiveCfg = Debug|Any CPU
		{318FD060-A099-D3AA-2F59-CFA3B7D783D3}.Debug|Any CPU.Build.0 = Debug|Any CPU
		{318FD060-A099-D3AA-2F59-CFA3B7D783D3}.Release|Any CPU.ActiveCfg = Release|Any CPU
		{318FD060-A099-D3AA-2F59-CFA3B7D783D3}.Release|Any CPU.Build.0 = Release|Any CPU
		{8C90197A-A44B-246A-1F2F-E8EF860D85FE}.Debug|Any CPU.ActiveCfg = Debug|Any CPU
		{8C90197A-A44B-246A-1F2F-E8EF860D85FE}.Debug|Any CPU.Build.0 = Debug|Any CPU
		{8C90197A-A44B-246A-1F2F-E8EF860D85FE}.Release|Any CPU.ActiveCfg = Release|Any CPU
		{8C90197A-A44B-246A-1F2F-E8EF860D85FE}.Release|Any CPU.Build.0 = Release|Any CPU
		{AA872949-7354-C3FC-C446-6F7ACB306BB1}.Debug|Any CPU.ActiveCfg = Debug|Any CPU
		{AA872949-7354-C3FC-C446-6F7ACB306BB1}.Debug|Any CPU.Build.0 = Debug|Any CPU
		{AA872949-7354-C3FC-C446-6F7ACB306BB1}.Release|Any CPU.ActiveCfg = Release|Any CPU
		{AA872949-7354-C3FC-C446-6F7ACB306BB1}.Release|Any CPU.Build.0 = Release|Any CPU
		{A20188B8-63FC-5B86-72C1-BFF923BCAF08}.Debug|Any CPU.ActiveCfg = Debug|Any CPU
		{A20188B8-63FC-5B86-72C1-BFF923BCAF08}.Debug|Any CPU.Build.0 = Debug|Any CPU
		{A20188B8-63FC-5B86-72C1-BFF923BCAF08}.Release|Any CPU.ActiveCfg = Release|Any CPU
		{A20188B8-63FC-5B86-72C1-BFF923BCAF08}.Release|Any CPU.Build.0 = Release|Any CPU
		{660DEF32-8AE1-E9D8-19BE-F1AA5E8864DB}.Debug|Any CPU.ActiveCfg = Debug|Any CPU
		{660DEF32-8AE1-E9D8-19BE-F1AA5E8864DB}.Debug|Any CPU.Build.0 = Debug|Any CPU
		{660DEF32-8AE1-E9D8-19BE-F1AA5E8864DB}.Release|Any CPU.ActiveCfg = Release|Any CPU
		{660DEF32-8AE1-E9D8-19BE-F1AA5E8864DB}.Release|Any CPU.Build.0 = Release|Any CPU
		{5ADAEB3A-1E05-E9FB-3764-A80F45414B63}.Debug|Any CPU.ActiveCfg = Debug|Any CPU
		{5ADAEB3A-1E05-E9FB-3764-A80F45414B63}.Debug|Any CPU.Build.0 = Debug|Any CPU
		{5ADAEB3A-1E05-E9FB-3764-A80F45414B63}.Release|Any CPU.ActiveCfg = Release|Any CPU
		{5ADAEB3A-1E05-E9FB-3764-A80F45414B63}.Release|Any CPU.Build.0 = Release|Any CPU
		{90AD5143-F33C-DD9D-8B04-ECA1E310A891}.Debug|Any CPU.ActiveCfg = Debug|Any CPU
		{90AD5143-F33C-DD9D-8B04-ECA1E310A891}.Debug|Any CPU.Build.0 = Debug|Any CPU
		{90AD5143-F33C-DD9D-8B04-ECA1E310A891}.Release|Any CPU.ActiveCfg = Release|Any CPU
		{90AD5143-F33C-DD9D-8B04-ECA1E310A891}.Release|Any CPU.Build.0 = Release|Any CPU
		{49CC6367-563D-05C4-A891-70CA94BF0635}.Debug|Any CPU.ActiveCfg = Debug|Any CPU
		{49CC6367-563D-05C4-A891-70CA94BF0635}.Debug|Any CPU.Build.0 = Debug|Any CPU
		{49CC6367-563D-05C4-A891-70CA94BF0635}.Release|Any CPU.ActiveCfg = Release|Any CPU
		{49CC6367-563D-05C4-A891-70CA94BF0635}.Release|Any CPU.Build.0 = Release|Any CPU
		{9E20DD0E-F1C3-65E5-B150-B712A3208638}.Debug|Any CPU.ActiveCfg = Debug|Any CPU
		{9E20DD0E-F1C3-65E5-B150-B712A3208638}.Debug|Any CPU.Build.0 = Debug|Any CPU
		{9E20DD0E-F1C3-65E5-B150-B712A3208638}.Release|Any CPU.ActiveCfg = Release|Any CPU
		{9E20DD0E-F1C3-65E5-B150-B712A3208638}.Release|Any CPU.Build.0 = Release|Any CPU
		{91B37E25-F075-5252-A8CD-4E3D5FB96847}.Debug|Any CPU.ActiveCfg = Debug|Any CPU
		{91B37E25-F075-5252-A8CD-4E3D5FB96847}.Debug|Any CPU.Build.0 = Debug|Any CPU
		{91B37E25-F075-5252-A8CD-4E3D5FB96847}.Release|Any CPU.ActiveCfg = Release|Any CPU
		{91B37E25-F075-5252-A8CD-4E3D5FB96847}.Release|Any CPU.Build.0 = Release|Any CPU
		{7B5FD118-A911-9D8A-25EA-3033254CF777}.Debug|Any CPU.ActiveCfg = Debug|Any CPU
		{7B5FD118-A911-9D8A-25EA-3033254CF777}.Debug|Any CPU.Build.0 = Debug|Any CPU
		{7B5FD118-A911-9D8A-25EA-3033254CF777}.Release|Any CPU.ActiveCfg = Release|Any CPU
		{7B5FD118-A911-9D8A-25EA-3033254CF777}.Release|Any CPU.Build.0 = Release|Any CPU
		{2A23F18F-C675-2C95-2977-1EBB83CFD72D}.Debug|Any CPU.ActiveCfg = Debug|Any CPU
		{2A23F18F-C675-2C95-2977-1EBB83CFD72D}.Debug|Any CPU.Build.0 = Debug|Any CPU
		{2A23F18F-C675-2C95-2977-1EBB83CFD72D}.Release|Any CPU.ActiveCfg = Release|Any CPU
		{2A23F18F-C675-2C95-2977-1EBB83CFD72D}.Release|Any CPU.Build.0 = Release|Any CPU
	EndGlobalSection
	GlobalSection(SolutionProperties) = preSolution
		HideSolutionNode = FALSE
	EndGlobalSection
EndGlobal
